
Microsoft Visual Studio Solution File, Format Version 12.00
# Visual Studio Version 17
VisualStudioVersion = 17.11.35327.3
MinimumVisualStudioVersion = 10.0.40219.1
Project("{FAE04EC0-301F-11D3-BF4B-00C04F79EFBC}") = "ChurchAPI", "ChurchAPI.csproj", "{836BC2B7-C78A-40E1-AC23-62E134B00992}"
EndProject
Global
	GlobalSection(SolutionConfigurationPlatforms) = preSolution
		Debug|Any CPU = Debug|Any CPU
		Release|Any CPU = Release|Any CPU
	EndGlobalSection
	GlobalSection(ProjectConfigurationPlatforms) = postSolution
		{836BC2B7-C78A-40E1-AC23-62E134B00992}.Debug|Any CPU.ActiveCfg = Debug|Any CPU
		{836BC2B7-C78A-40E1-AC23-62E134B00992}.Debug|Any CPU.Build.0 = Debug|Any CPU
		{836BC2B7-C78A-40E1-AC23-62E134B00992}.Release|Any CPU.ActiveCfg = Release|Any CPU
		{836BC2B7-C78A-40E1-AC23-62E134B00992}.Release|Any CPU.Build.0 = Release|Any CPU
	EndGlobalSection
	GlobalSection(SolutionProperties) = preSolution
		HideSolutionNode = FALSE
	EndGlobalSection
	GlobalSection(ExtensibilityGlobals) = postSolution
		SolutionGuid = {0EAE1988-CC42-4D85-A357-4BD3AC052A49}
	EndGlobalSection
EndGlobal
